
Microsoft Visual Studio Solution File, Format Version 12.00
# Visual Studio Version 16
VisualStudioVersion = 16.0.30413.136
MinimumVisualStudioVersion = 10.0.40219.1
Project("{FAE04EC0-301F-11D3-BF4B-00C04F79EFBC}") = "Domain", "Domain\Domain.csproj", "{AFEBBB5C-38D5-432A-A643-9006E471CAFB}"
EndProject
Project("{FAE04EC0-301F-11D3-BF4B-00C04F79EFBC}") = "Data", "Data\Data.csproj", "{F0316D54-8528-4723-856C-D3A856C5A635}"
EndProject
Project("{2150E333-8FDC-42A3-9474-1A3956D46DE8}") = "Core", "Core", "{A291C47F-5C16-4676-8897-496D8FD1EDD6}"
EndProject
Project("{2150E333-8FDC-42A3-9474-1A3956D46DE8}") = "Services", "Services", "{59350238-4E36-49A3-BB92-280DEE3B3FBB}"
EndProject
Project("{FAE04EC0-301F-11D3-BF4B-00C04F79EFBC}") = "Services.App", "Services.App\Services.App.csproj", "{BAB31F53-08EA-47EF-910C-A29E766B1BD6}"
EndProject
Project("{FAE04EC0-301F-11D3-BF4B-00C04F79EFBC}") = "Common", "Common\Common.csproj", "{5B5FE0D8-5391-4F97-9E3A-BEB719215FE0}"
EndProject
Project("{FAE04EC0-301F-11D3-BF4B-00C04F79EFBC}") = "Web", "Web\Web.csproj", "{3288DD18-4BCF-46D1-9C3F-E8B4D1D9E732}"
EndProject
Project("{FAE04EC0-301F-11D3-BF4B-00C04F79EFBC}") = "Services.Web", "Services.Web\Services.Web.csproj", "{8121CE79-97EC-42A3-9658-6D67B539EEFB}"
EndProject
Project("{2150E333-8FDC-42A3-9474-1A3956D46DE8}") = "Inf", "Inf", "{9AEF4FB5-3F66-4AF2-BEB5-3159CE2FB49D}"
EndProject
Project("{2150E333-8FDC-42A3-9474-1A3956D46DE8}") = "Comm", "Comm", "{B1100FB1-4759-4D62-9C9D-D8BCB536C109}"
EndProject
Global
	GlobalSection(SolutionConfigurationPlatforms) = preSolution
		Debug|Any CPU = Debug|Any CPU
		Release|Any CPU = Release|Any CPU
	EndGlobalSection
	GlobalSection(ProjectConfigurationPlatforms) = postSolution
		{AFEBBB5C-38D5-432A-A643-9006E471CAFB}.Debug|Any CPU.ActiveCfg = Debug|Any CPU
		{AFEBBB5C-38D5-432A-A643-9006E471CAFB}.Debug|Any CPU.Build.0 = Debug|Any CPU
		{AFEBBB5C-38D5-432A-A643-9006E471CAFB}.Release|Any CPU.ActiveCfg = Release|Any CPU
		{AFEBBB5C-38D5-432A-A643-9006E471CAFB}.Release|Any CPU.Build.0 = Release|Any CPU
		{F0316D54-8528-4723-856C-D3A856C5A635}.Debug|Any CPU.ActiveCfg = Debug|Any CPU
		{F0316D54-8528-4723-856C-D3A856C5A635}.Debug|Any CPU.Build.0 = Debug|Any CPU
		{F0316D54-8528-4723-856C-D3A856C5A635}.Release|Any CPU.ActiveCfg = Release|Any CPU
		{F0316D54-8528-4723-856C-D3A856C5A635}.Release|Any CPU.Build.0 = Release|Any CPU
		{BAB31F53-08EA-47EF-910C-A29E766B1BD6}.Debug|Any CPU.ActiveCfg = Debug|Any CPU
		{BAB31F53-08EA-47EF-910C-A29E766B1BD6}.Debug|Any CPU.Build.0 = Debug|Any CPU
		{BAB31F53-08EA-47EF-910C-A29E766B1BD6}.Release|Any CPU.ActiveCfg = Release|Any CPU
		{BAB31F53-08EA-47EF-910C-A29E766B1BD6}.Release|Any CPU.Build.0 = Release|Any CPU
		{5B5FE0D8-5391-4F97-9E3A-BEB719215FE0}.Debug|Any CPU.ActiveCfg = Debug|Any CPU
		{5B5FE0D8-5391-4F97-9E3A-BEB719215FE0}.Debug|Any CPU.Build.0 = Debug|Any CPU
		{5B5FE0D8-5391-4F97-9E3A-BEB719215FE0}.Release|Any CPU.ActiveCfg = Release|Any CPU
		{5B5FE0D8-5391-4F97-9E3A-BEB719215FE0}.Release|Any CPU.Build.0 = Release|Any CPU
		{3288DD18-4BCF-46D1-9C3F-E8B4D1D9E732}.Debug|Any CPU.ActiveCfg = Debug|Any CPU
		{3288DD18-4BCF-46D1-9C3F-E8B4D1D9E732}.Debug|Any CPU.Build.0 = Debug|Any CPU
		{3288DD18-4BCF-46D1-9C3F-E8B4D1D9E732}.Release|Any CPU.ActiveCfg = Release|Any CPU
		{3288DD18-4BCF-46D1-9C3F-E8B4D1D9E732}.Release|Any CPU.Build.0 = Release|Any CPU
		{8121CE79-97EC-42A3-9658-6D67B539EEFB}.Debug|Any CPU.ActiveCfg = Debug|Any CPU
		{8121CE79-97EC-42A3-9658-6D67B539EEFB}.Debug|Any CPU.Build.0 = Debug|Any CPU
		{8121CE79-97EC-42A3-9658-6D67B539EEFB}.Release|Any CPU.ActiveCfg = Release|Any CPU
		{8121CE79-97EC-42A3-9658-6D67B539EEFB}.Release|Any CPU.Build.0 = Release|Any CPU
	EndGlobalSection
	GlobalSection(SolutionProperties) = preSolution
		HideSolutionNode = FALSE
	EndGlobalSection
	GlobalSection(NestedProjects) = preSolution
		{AFEBBB5C-38D5-432A-A643-9006E471CAFB} = {A291C47F-5C16-4676-8897-496D8FD1EDD6}
		{F0316D54-8528-4723-856C-D3A856C5A635} = {9AEF4FB5-3F66-4AF2-BEB5-3159CE2FB49D}
		{BAB31F53-08EA-47EF-910C-A29E766B1BD6} = {59350238-4E36-49A3-BB92-280DEE3B3FBB}
		{5B5FE0D8-5391-4F97-9E3A-BEB719215FE0} = {B1100FB1-4759-4D62-9C9D-D8BCB536C109}
		{8121CE79-97EC-42A3-9658-6D67B539EEFB} = {59350238-4E36-49A3-BB92-280DEE3B3FBB}
	EndGlobalSection
	GlobalSection(ExtensibilityGlobals) = postSolution
		SolutionGuid = {CF14C1AD-370F-427C-A6E1-684E0DF288A2}
	EndGlobalSection
EndGlobal
